
Microsoft Visual Studio Solution File, Format Version 12.00
# Visual Studio Version 17
VisualStudioVersion = 17.0.32112.339
MinimumVisualStudioVersion = 10.0.40219.1
Project("{2150E333-8FDC-42A3-9474-1A3956D46DE8}") = "0 - API", "0 - API", "{71F1A57B-1DCD-45B0-BF07-2C50A7D8889C}"
EndProject
Project("{9A19103F-16F7-4668-BE54-9A1E7A4F7556}") = "ARF.API", "ARF.API\ARF.API.csproj", "{F7203E7E-F7F6-4BFE-8AF6-2F0A7DCE2988}"
EndProject
Project("{2150E333-8FDC-42A3-9474-1A3956D46DE8}") = "3 - Domain", "3 - Domain", "{151989AD-5A64-4078-B57E-6FA1DC77CD12}"
EndProject
Project("{9A19103F-16F7-4668-BE54-9A1E7A4F7556}") = "ARF.Domain", "ARF.Domain\ARF.Domain.csproj", "{52A2DE10-06FC-4167-AF92-475B208F9A8F}"
EndProject
Project("{2150E333-8FDC-42A3-9474-1A3956D46DE8}") = "1 - Service", "1 - Service", "{83D85DE9-FDD5-4CBB-8965-21C47A3D77CA}"
EndProject
Project("{FAE04EC0-301F-11D3-BF4B-00C04F79EFBC}") = "ARF.Service", "ARF.Service\ARF.Service.csproj", "{5686BCE8-97EB-4CD6-B1B9-4DF79EEFB8EB}"
EndProject
Global
	GlobalSection(SolutionConfigurationPlatforms) = preSolution
		Debug|Any CPU = Debug|Any CPU
		Release|Any CPU = Release|Any CPU
	EndGlobalSection
	GlobalSection(ProjectConfigurationPlatforms) = postSolution
		{F7203E7E-F7F6-4BFE-8AF6-2F0A7DCE2988}.Debug|Any CPU.ActiveCfg = Debug|Any CPU
		{F7203E7E-F7F6-4BFE-8AF6-2F0A7DCE2988}.Debug|Any CPU.Build.0 = Debug|Any CPU
		{F7203E7E-F7F6-4BFE-8AF6-2F0A7DCE2988}.Release|Any CPU.ActiveCfg = Release|Any CPU
		{F7203E7E-F7F6-4BFE-8AF6-2F0A7DCE2988}.Release|Any CPU.Build.0 = Release|Any CPU
		{52A2DE10-06FC-4167-AF92-475B208F9A8F}.Debug|Any CPU.ActiveCfg = Debug|Any CPU
		{52A2DE10-06FC-4167-AF92-475B208F9A8F}.Debug|Any CPU.Build.0 = Debug|Any CPU
		{52A2DE10-06FC-4167-AF92-475B208F9A8F}.Release|Any CPU.ActiveCfg = Release|Any CPU
		{52A2DE10-06FC-4167-AF92-475B208F9A8F}.Release|Any CPU.Build.0 = Release|Any CPU
		{5686BCE8-97EB-4CD6-B1B9-4DF79EEFB8EB}.Debug|Any CPU.ActiveCfg = Debug|Any CPU
		{5686BCE8-97EB-4CD6-B1B9-4DF79EEFB8EB}.Debug|Any CPU.Build.0 = Debug|Any CPU
		{5686BCE8-97EB-4CD6-B1B9-4DF79EEFB8EB}.Release|Any CPU.ActiveCfg = Release|Any CPU
		{5686BCE8-97EB-4CD6-B1B9-4DF79EEFB8EB}.Release|Any CPU.Build.0 = Release|Any CPU
	EndGlobalSection
	GlobalSection(SolutionProperties) = preSolution
		HideSolutionNode = FALSE
	EndGlobalSection
	GlobalSection(NestedProjects) = preSolution
		{F7203E7E-F7F6-4BFE-8AF6-2F0A7DCE2988} = {71F1A57B-1DCD-45B0-BF07-2C50A7D8889C}
		{52A2DE10-06FC-4167-AF92-475B208F9A8F} = {151989AD-5A64-4078-B57E-6FA1DC77CD12}
		{5686BCE8-97EB-4CD6-B1B9-4DF79EEFB8EB} = {83D85DE9-FDD5-4CBB-8965-21C47A3D77CA}
	EndGlobalSection
	GlobalSection(ExtensibilityGlobals) = postSolution
		SolutionGuid = {40EBA9DD-D82A-4AC8-A204-EAAD7EFAAA1F}
	EndGlobalSection
EndGlobal
